
Microsoft Visual Studio Solution File, Format Version 12.00
# Visual Studio Version 17
VisualStudioVersion = 17.10.35013.160
MinimumVisualStudioVersion = 10.0.40219.1
Project("{9A19103F-16F7-4668-BE54-9A1E7A4F7556}") = "Ecoeden.Api.Gateway", "Ecoeden.Api.Gateway\Ecoeden.Api.Gateway.csproj", "{962A3D60-35D0-4F98-8BD8-A8E3386A50AC}"
EndProject
Project("{E53339B2-1760-4266-BCC7-CA923CBCF16C}") = "docker-compose", "docker-compose.dcproj", "{586CE05D-0368-4D06-88FE-2326382A51DC}"
EndProject
Global
	GlobalSection(SolutionConfigurationPlatforms) = preSolution
		Debug|Any CPU = Debug|Any CPU
		Release|Any CPU = Release|Any CPU
	EndGlobalSection
	GlobalSection(ProjectConfigurationPlatforms) = postSolution
		{962A3D60-35D0-4F98-8BD8-A8E3386A50AC}.Debug|Any CPU.ActiveCfg = Debug|Any CPU
		{962A3D60-35D0-4F98-8BD8-A8E3386A50AC}.Debug|Any CPU.Build.0 = Debug|Any CPU
		{962A3D60-35D0-4F98-8BD8-A8E3386A50AC}.Release|Any CPU.ActiveCfg = Release|Any CPU
		{962A3D60-35D0-4F98-8BD8-A8E3386A50AC}.Release|Any CPU.Build.0 = Release|Any CPU
		{586CE05D-0368-4D06-88FE-2326382A51DC}.Debug|Any CPU.ActiveCfg = Debug|Any CPU
		{586CE05D-0368-4D06-88FE-2326382A51DC}.Debug|Any CPU.Build.0 = Debug|Any CPU
		{586CE05D-0368-4D06-88FE-2326382A51DC}.Release|Any CPU.ActiveCfg = Release|Any CPU
		{586CE05D-0368-4D06-88FE-2326382A51DC}.Release|Any CPU.Build.0 = Release|Any CPU
	EndGlobalSection
	GlobalSection(SolutionProperties) = preSolution
		HideSolutionNode = FALSE
	EndGlobalSection
	GlobalSection(ExtensibilityGlobals) = postSolution
		SolutionGuid = {292919A9-B7D1-4FD6-937A-0DD834834427}
	EndGlobalSection
EndGlobal
